# This file is automatically @generated by Cargo.
# It is not intended for manual editing.
version = 4

[[package]]
name = "cnvx"
version = "0.0.0"
dependencies = [
 "cnvx-core",
 "cnvx-lp",
]

[[package]]
name = "cnvx-cli"
version = "0.0.0"
dependencies = [
 "cnvx",
]

[[package]]
name = "cnvx-core"
version = "0.0.0"

[[package]]
name = "cnvx-lp"
version = "0.0.0"
dependencies = [
 "cnvx-core",
 "cnvx-math",
]

[[package]]
name = "cnvx-math"
version = "0.0.0"
